
Microsoft Visual Studio Solution File, Format Version 12.00
# Visual Studio 14
VisualStudioVersion = 14.0.25420.1
MinimumVisualStudioVersion = 10.0.40219.1
Project("{FAE04EC0-301F-11D3-BF4B-00C04F79EFBC}") = "DDNS", "DDNS\DDNS.csproj", "{BDB9D43C-ADCF-49E7-BB4C-740AB190CF97}"
EndProject
Global
	GlobalSection(SolutionConfigurationPlatforms) = preSolution
		Debug|Any CPU = Debug|Any CPU
		Release|Any CPU = Release|Any CPU
	EndGlobalSection
	GlobalSection(ProjectConfigurationPlatforms) = postSolution
		{BDB9D43C-ADCF-49E7-BB4C-740AB190CF97}.Debug|Any CPU.ActiveCfg = Debug|Any CPU
		{BDB9D43C-ADCF-49E7-BB4C-740AB190CF97}.Debug|Any CPU.Build.0 = Debug|Any CPU
		{BDB9D43C-ADCF-49E7-BB4C-740AB190CF97}.Release|Any CPU.ActiveCfg = Release|Any CPU
		{BDB9D43C-ADCF-49E7-BB4C-740AB190CF97}.Release|Any CPU.Build.0 = Release|Any CPU
	EndGlobalSection
	GlobalSection(SolutionProperties) = preSolution
		HideSolutionNode = FALSE
	EndGlobalSection
EndGlobal
